{
  "name": "prepros-project",
  "version": "1.0.0",
  "lockfileVersion": 1,
  "requires": true,
  "dependencies": {
    "autoprefixer": {
      "version": "10.2.1",
      "resolved": "https://registry.npmjs.org/autoprefixer/-/autoprefixer-10.2.1.tgz",
      "integrity": "sha512-dwP0UjyYvROUvtU+boBx8ff5pPWami1NGTrJs9YUsS/oZVbRAcdNHOOuXSA1fc46tgKqe072cVaKD69rvCc3QQ==",
      "requires": {
        "browserslist": "^4.16.1",
        "caniuse-lite": "^1.0.30001173",
        "colorette": "^1.2.1",
        "fraction.js": "^4.0.13",
        "normalize-range": "^0.1.2",
        "postcss-value-parser": "^4.1.0"
      }
    },
    "browserslist": {
      "version": "4.16.1",
      "resolved": "https://registry.npmjs.org/browserslist/-/browserslist-4.16.1.tgz",
      "integrity": "sha512-UXhDrwqsNcpTYJBTZsbGATDxZbiVDsx6UjpmRUmtnP10pr8wAYr5LgFoEFw9ixriQH2mv/NX2SfGzE/o8GndLA==",
      "requires": {
        "caniuse-lite": "^1.0.30001173",
        "colorette": "^1.2.1",
        "electron-to-chromium": "^1.3.634",
        "escalade": "^3.1.1",
        "node-releases": "^1.1.69"
      }
    },
    "caniuse-lite": {
      "version": "1.0.30001174",
      "resolved": "https://registry.npmjs.org/caniuse-lite/-/caniuse-lite-1.0.30001174.tgz",
      "integrity": "sha512-tqClL/4ThQq6cfFXH3oJL4rifFBeM6gTkphjao5kgwMaW9yn0tKgQLAEfKzDwj6HQWCB/aWo8kTFlSvIN8geEA=="
    },
    "colorette": {
      "version": "1.2.1",
      "resolved": "https://registry.npmjs.org/colorette/-/colorette-1.2.1.tgz",
      "integrity": "sha512-puCDz0CzydiSYOrnXpz/PKd69zRrribezjtE9yd4zvytoRc8+RY/KJPvtPFKZS3E3wP6neGyMe0vOTlHO5L3Pw=="
    },
    "electron-to-chromium": {
      "version": "1.3.635",
      "resolved": "https://registry.npmjs.org/electron-to-chromium/-/electron-to-chromium-1.3.635.tgz",
      "integrity": "sha512-RRriZOLs9CpW6KTLmgBqyUdnY0QNqqWs0HOtuQGGEMizOTNNn1P7sGRBxARnUeLejOsgwjDyRqT3E/CSst02ZQ=="
    },
    "escalade": {
      "version": "3.1.1",
      "resolved": "https://registry.npmjs.org/escalade/-/escalade-3.1.1.tgz",
      "integrity": "sha512-k0er2gUkLf8O0zKJiAhmkTnJlTvINGv7ygDNPbeIsX/TJjGJZHuh9B2UxbsaEkmlEo9MfhrSzmhIlhRlI2GXnw=="
    },
    "fraction.js": {
      "version": "4.0.13",
      "resolved": "https://registry.npmjs.org/fraction.js/-/fraction.js-4.0.13.tgz",
      "integrity": "sha512-E1fz2Xs9ltlUp+qbiyx9wmt2n9dRzPsS11Jtdb8D2o+cC7wr9xkkKsVKJuBX0ST+LVS+LhLO+SbLJNtfWcJvXA=="
    },
    "node-releases": {
      "version": "1.1.69",
      "resolved": "https://registry.npmjs.org/node-releases/-/node-releases-1.1.69.tgz",
      "integrity": "sha512-DGIjo79VDEyAnRlfSqYTsy+yoHd2IOjJiKUozD2MV2D85Vso6Bug56mb9tT/fY5Urt0iqk01H7x+llAruDR2zA=="
    },
    "normalize-range": {
      "version": "0.1.2",
      "resolved": "https://registry.npmjs.org/normalize-range/-/normalize-range-0.1.2.tgz",
      "integrity": "sha1-LRDAa9/TEuqXd2laTShDlFa3WUI="
    },
    "postcss-value-parser": {
      "version": "4.1.0",
      "resolved": "https://registry.npmjs.org/postcss-value-parser/-/postcss-value-parser-4.1.0.tgz",
      "integrity": "sha512-97DXOFbQJhk71ne5/Mt6cOu6yxsSfM0QGQyl0L25Gca4yGWEGJaig7l7gbCX623VqTBNGLRLaVUCnNkcedlRSQ=="
    }
  }
}
